
Microsoft Visual Studio Solution File, Format Version 12.00
# Visual Studio Version 17
VisualStudioVersion = 17.3.32922.545
MinimumVisualStudioVersion = 10.0.40219.1
Project("{9A19103F-16F7-4668-BE54-9A1E7A4F7556}") = "ProcessMonitor.Console", "ProcessMonitor.Console\ProcessMonitor.Console.csproj", "{8FE20860-2BBE-49D7-9DAA-3F9B8CA0E469}"
EndProject
Project("{FAE04EC0-301F-11D3-BF4B-00C04F79EFBC}") = "ProcessManager.Tests", "ProcessManager.Tests\ProcessManager.Tests.csproj", "{201DA086-0F05-4DEC-AEF3-7E12B396B593}"
EndProject
Global
	GlobalSection(SolutionConfigurationPlatforms) = preSolution
		Debug|Any CPU = Debug|Any CPU
		Release|Any CPU = Release|Any CPU
	EndGlobalSection
	GlobalSection(ProjectConfigurationPlatforms) = postSolution
		{8FE20860-2BBE-49D7-9DAA-3F9B8CA0E469}.Debug|Any CPU.ActiveCfg = Debug|Any CPU
		{8FE20860-2BBE-49D7-9DAA-3F9B8CA0E469}.Debug|Any CPU.Build.0 = Debug|Any CPU
		{8FE20860-2BBE-49D7-9DAA-3F9B8CA0E469}.Release|Any CPU.ActiveCfg = Release|Any CPU
		{8FE20860-2BBE-49D7-9DAA-3F9B8CA0E469}.Release|Any CPU.Build.0 = Release|Any CPU
		{201DA086-0F05-4DEC-AEF3-7E12B396B593}.Debug|Any CPU.ActiveCfg = Debug|Any CPU
		{201DA086-0F05-4DEC-AEF3-7E12B396B593}.Debug|Any CPU.Build.0 = Debug|Any CPU
		{201DA086-0F05-4DEC-AEF3-7E12B396B593}.Release|Any CPU.ActiveCfg = Release|Any CPU
		{201DA086-0F05-4DEC-AEF3-7E12B396B593}.Release|Any CPU.Build.0 = Release|Any CPU
	EndGlobalSection
	GlobalSection(SolutionProperties) = preSolution
		HideSolutionNode = FALSE
	EndGlobalSection
	GlobalSection(ExtensibilityGlobals) = postSolution
		SolutionGuid = {15D7518D-64A5-49C7-960D-E65C74832DF1}
	EndGlobalSection
EndGlobal
